{
  "name": "mytest",
  "version": "1.0.0",
  "lockfileVersion": 1,
  "requires": true,
  "dependencies": {
    "@babel/code-frame": {
      "version": "7.10.4",
      "resolved": "http://artifactory.intra.ke.com/artifactory/api/npm/npm-virtual/@babel/code-frame/download/@babel/code-frame-7.10.4.tgz",
      "integrity": "sha1-Fo2ho26Q2miujUnA8bSMfGJJITo=",
      "requires": {
        "@babel/highlight": "^7.10.4"
      }
    },
    "@babel/helper-validator-identifier": {
      "version": "7.10.4",
      "resolved": "http://artifactory.intra.ke.com/artifactory/api/npm/npm-virtual/@babel/helper-validator-identifier/download/@babel/helper-validator-identifier-7.10.4.tgz",
      "integrity": "sha1-p4x6clHgH2FlEtMbEK3PUq2l4NI="
    },
    "@babel/highlight": {
      "version": "7.10.4",
      "resolved": "http://artifactory.intra.ke.com/artifactory/api/npm/npm-virtual/@babel/highlight/download/@babel/highlight-7.10.4.tgz",
      "integrity": "sha1-fRvf1ldTU4+r5sOFls23bZrGAUM=",
      "requires": {
        "@babel/helper-validator-identifier": "^7.10.4",
        "chalk": "^2.0.0",
        "js-tokens": "^4.0.0"
      },
      "dependencies": {
        "ansi-styles": {
          "version": "3.2.1",
          "resolved": "http://artifactory.intra.ke.com/artifactory/api/npm/npm-virtual/ansi-styles/download/ansi-styles-3.2.1.tgz",
          "integrity": "sha1-QfuyAkPlCxK+DwS43tvwdSDOhB0=",
          "requires": {
            "color-convert": "^1.9.0"
          }
        },
        "chalk": {
          "version": "2.4.2",
          "resolved": "http://artifactory.intra.ke.com/artifactory/api/npm/npm-virtual/chalk/download/chalk-2.4.2.tgz",
          "integrity": "sha1-zUJUFnelQzPPVBpJEIwUMrRMlCQ=",
          "requires": {
            "ansi-styles": "^3.2.1",
            "escape-string-regexp": "^1.0.5",
            "supports-color": "^5.3.0"
          }
        },
        "color-convert": {
          "version": "1.9.3",
          "resolved": "http://artifactory.intra.ke.com/artifactory/api/npm/npm-virtual/color-convert/download/color-convert-1.9.3.tgz",
          "integrity": "sha1-u3GFBpDh8TZWfeYp0tVHHe2kweg=",
          "requires": {
            "color-name": "1.1.3"
          }
        },
        "color-name": {
          "version": "1.1.3",
          "resolved": "http://artifactory.intra.ke.com/artifactory/api/npm/npm-virtual/color-name/download/color-name-1.1.3.tgz",
          "integrity": "sha1-p9BVi9icQveV3UIyj3QIMcpTvCU="
        },
        "has-flag": {
          "version": "3.0.0",
          "resolved": "http://artifactory.intra.ke.com/artifactory/api/npm/npm-virtual/has-flag/download/has-flag-3.0.0.tgz",
          "integrity": "sha1-tdRU3CGZriJWmfNGfloH87lVuv0="
        },
        "supports-color": {
          "version": "5.5.0",
          "resolved": "http://artifactory.intra.ke.com/artifactory/api/npm/npm-virtual/supports-color/download/supports-color-5.5.0.tgz",
          "integrity": "sha1-4uaaRKyHcveKHsCzW2id9lMO/I8=",
          "requires": {
            "has-flag": "^3.0.0"
          }
        }
      }
    },
    "@types/parse-json": {
      "version": "4.0.0",
      "resolved": "http://artifactory.intra.ke.com/artifactory/api/npm/npm-virtual/@types/parse-json/download/@types/parse-json-4.0.0.tgz",
      "integrity": "sha1-L4u0QUNNFjs1+4/9zNcTiSf/uMA="
    },
    "acorn": {
      "version": "7.4.1",
      "resolved": "http://artifactory.intra.ke.com/artifactory/api/npm/npm-virtual/acorn/download/acorn-7.4.1.tgz",
      "integrity": "sha1-/q7SVZc9LndVW4PbwIhRpsY1IPo="
    },
    "acorn-jsx": {
      "version": "5.3.1",
      "resolved": "http://artifactory.intra.ke.com/artifactory/api/npm/npm-virtual/acorn-jsx/download/acorn-jsx-5.3.1.tgz",
      "integrity": "sha1-/IZh4Rt6wVOcR9v+oucrOvNNJns="
    },
    "ajv": {
      "version": "6.12.6",
      "resolved": "http://artifactory.intra.ke.com/artifactory/api/npm/npm-virtual/ajv/download/ajv-6.12.6.tgz",
      "integrity": "sha1-uvWmLoArB9l3A0WG+MO69a3ybfQ=",
      "requires": {
        "fast-deep-equal": "^3.1.1",
        "fast-json-stable-stringify": "^2.0.0",
        "json-schema-traverse": "^0.4.1",
        "uri-js": "^4.2.2"
      }
    },
    "ansi-escapes": {
      "version": "4.3.1",
      "resolved": "http://artifactory.intra.ke.com/artifactory/api/npm/npm-virtual/ansi-escapes/download/ansi-escapes-4.3.1.tgz",
      "integrity": "sha1-pcR8xDGB8fOP/XB2g3cA05VSKmE=",
      "requires": {
        "type-fest": "^0.11.0"
      },
      "dependencies": {
        "type-fest": {
          "version": "0.11.0",
          "resolved": "http://artifactory.intra.ke.com/artifactory/api/npm/npm-virtual/type-fest/download/type-fest-0.11.0.tgz",
          "integrity": "sha1-l6vwhyMQ/tiKXEZrJWgVdhReM/E="
        }
      }
    },
    "ansi-regex": {
      "version": "5.0.0",
      "resolved": "http://artifactory.intra.ke.com/artifactory/api/npm/npm-virtual/ansi-regex/download/ansi-regex-5.0.0.tgz",
      "integrity": "sha1-OIU59VF5vzkznIGvMKZU1p+Hy3U="
    },
    "ansi-styles": {
      "version": "4.3.0",
      "resolved": "http://artifactory.intra.ke.com/artifactory/api/npm/npm-virtual/ansi-styles/download/ansi-styles-4.3.0.tgz",
      "integrity": "sha1-7dgDYornHATIWuegkG7a00tkiTc=",
      "requires": {
        "color-convert": "^2.0.1"
      }
    },
    "argparse": {
      "version": "1.0.10",
      "resolved": "http://artifactory.intra.ke.com/artifactory/api/npm/npm-virtual/argparse/download/argparse-1.0.10.tgz",
      "integrity": "sha1-vNZ5HqWuCXJeF+WtmIE0zUCz2RE=",
      "requires": {
        "sprintf-js": "~1.0.2"
      }
    },
    "astral-regex": {
      "version": "1.0.0",
      "resolved": "http://artifactory.intra.ke.com/artifactory/api/npm/npm-virtual/astral-regex/download/astral-regex-1.0.0.tgz",
      "integrity": "sha1-bIw/uCfdQ+45GPJ7gngqt2WKb9k="
    },
    "balanced-match": {
      "version": "1.0.0",
      "resolved": "http://artifactory.intra.ke.com/artifactory/api/npm/npm-virtual/balanced-match/download/balanced-match-1.0.0.tgz",
      "integrity": "sha1-ibTRmasr7kneFk6gK4nORi1xt2c="
    },
    "brace-expansion": {
      "version": "1.1.11",
      "resolved": "http://artifactory.intra.ke.com/artifactory/api/npm/npm-virtual/brace-expansion/download/brace-expansion-1.1.11.tgz",
      "integrity": "sha1-PH/L9SnYcibz0vUrlm/1Jx60Qd0=",
      "requires": {
        "balanced-match": "^1.0.0",
        "concat-map": "0.0.1"
      }
    },
    "callsites": {
      "version": "3.1.0",
      "resolved": "http://artifactory.intra.ke.com/artifactory/api/npm/npm-virtual/callsites/download/callsites-3.1.0.tgz",
      "integrity": "sha1-s2MKvYlDQy9Us/BRkjjjPNffL3M="
    },
    "chalk": {
      "version": "4.1.0",
      "resolved": "http://artifactory.intra.ke.com/artifactory/api/npm/npm-virtual/chalk/download/chalk-4.1.0.tgz",
      "integrity": "sha1-ThSHCmGNni7dl92DRf2dncMVZGo=",
      "requires": {
        "ansi-styles": "^4.1.0",
        "supports-color": "^7.1.0"
      }
    },
    "chardet": {
      "version": "0.7.0",
      "resolved": "http://artifactory.intra.ke.com/artifactory/api/npm/npm-virtual/chardet/download/chardet-0.7.0.tgz",
      "integrity": "sha1-kAlISfCTfy7twkJdDSip5fDLrZ4="
    },
    "ci-info": {
      "version": "2.0.0",
      "resolved": "http://artifactory.intra.ke.com/artifactory/api/npm/npm-virtual/ci-info/download/ci-info-2.0.0.tgz",
      "integrity": "sha1-Z6npZL4xpR4V5QENWObxKDQAL0Y="
    },
    "cli-cursor": {
      "version": "3.1.0",
      "resolved": "http://artifactory.intra.ke.com/artifactory/api/npm/npm-virtual/cli-cursor/download/cli-cursor-3.1.0.tgz",
      "integrity": "sha1-JkMFp65JDR0Dvwybp8kl0XU68wc=",
      "requires": {
        "restore-cursor": "^3.1.0"
      }
    },
    "cli-width": {
      "version": "3.0.0",
      "resolved": "http://artifactory.intra.ke.com/artifactory/api/npm/npm-virtual/cli-width/download/cli-width-3.0.0.tgz",
      "integrity": "sha1-ovSEN6LKqaIkNueUvwceyeYc7fY="
    },
    "color-convert": {
      "version": "2.0.1",
      "resolved": "http://artifactory.intra.ke.com/artifactory/api/npm/npm-virtual/color-convert/download/color-convert-2.0.1.tgz",
      "integrity": "sha1-ctOmjVmMm9s68q0ehPIdiWq9TeM=",
      "requires": {
        "color-name": "~1.1.4"
      }
    },
    "color-name": {
      "version": "1.1.4",
      "resolved": "http://artifactory.intra.ke.com/artifactory/api/npm/npm-virtual/color-name/download/color-name-1.1.4.tgz",
      "integrity": "sha1-wqCah6y95pVD3m9j+jmVyCbFNqI="
    },
    "compare-versions": {
      "version": "3.6.0",
      "resolved": "http://artifactory.intra.ke.com/artifactory/api/npm/npm-virtual/compare-versions/download/compare-versions-3.6.0.tgz",
      "integrity": "sha1-GlaJkTaF5ah2N7jT/8p1UU7EHWI="
    },
    "concat-map": {
      "version": "0.0.1",
      "resolved": "http://artifactory.intra.ke.com/artifactory/api/npm/npm-virtual/concat-map/download/concat-map-0.0.1.tgz",
      "integrity": "sha1-2Klr13/Wjfd5OnMDajug1UBdR3s="
    },
    "cosmiconfig": {
      "version": "7.0.0",
      "resolved": "http://artifactory.intra.ke.com/artifactory/api/npm/npm-virtual/cosmiconfig/download/cosmiconfig-7.0.0.tgz",
      "integrity": "sha1-75tE13OVnK5j3ezRIt4jhTtg+NM=",
      "requires": {
        "@types/parse-json": "^4.0.0",
        "import-fresh": "^3.2.1",
        "parse-json": "^5.0.0",
        "path-type": "^4.0.0",
        "yaml": "^1.10.0"
      }
    },
    "cross-spawn": {
      "version": "6.0.5",
      "resolved": "http://artifactory.intra.ke.com/artifactory/api/npm/npm-virtual/cross-spawn/download/cross-spawn-6.0.5.tgz",
      "integrity": "sha1-Sl7Hxk364iw6FBJNus3uhG2Ay8Q=",
      "requires": {
        "nice-try": "^1.0.4",
        "path-key": "^2.0.1",
        "semver": "^5.5.0",
        "shebang-command": "^1.2.0",
        "which": "^1.2.9"
      },
      "dependencies": {
        "semver": {
          "version": "5.7.1",
          "resolved": "http://artifactory.intra.ke.com/artifactory/api/npm/npm-virtual/semver/download/semver-5.7.1.tgz",
          "integrity": "sha1-qVT5Ma66UI0we78Gnv8MAclhFvc="
        }
      }
    },
    "debug": {
      "version": "4.2.0",
      "resolved": "http://artifactory.intra.ke.com/artifactory/api/npm/npm-virtual/debug/download/debug-4.2.0.tgz",
      "integrity": "sha1-fxUPk5IOlMWPVXTC/QGjEQ7/5/E=",
      "requires": {
        "ms": "2.1.2"
      }
    },
    "deep-is": {
      "version": "0.1.3",
      "resolved": "http://artifactory.intra.ke.com/artifactory/api/npm/npm-virtual/deep-is/download/deep-is-0.1.3.tgz",
      "integrity": "sha1-s2nW+128E+7PUk+RsHD+7cNXzzQ="
    },
    "doctrine": {
      "version": "3.0.0",
      "resolved": "http://artifactory.intra.ke.com/artifactory/api/npm/npm-virtual/doctrine/download/doctrine-3.0.0.tgz",
      "integrity": "sha1-rd6+rXKmV023g2OdyHoSF3OXOWE=",
      "requires": {
        "esutils": "^2.0.2"
      }
    },
    "emoji-regex": {
      "version": "8.0.0",
      "resolved": "http://artifactory.intra.ke.com/artifactory/api/npm/npm-virtual/emoji-regex/download/emoji-regex-8.0.0.tgz",
      "integrity": "sha1-6Bj9ac5cz8tARZT4QpY79TFkzDc="
    },
    "error-ex": {
      "version": "1.3.2",
      "resolved": "http://artifactory.intra.ke.com/artifactory/api/npm/npm-virtual/error-ex/download/error-ex-1.3.2.tgz",
      "integrity": "sha1-tKxAZIEH/c3PriQvQovqihTU8b8=",
      "requires": {
        "is-arrayish": "^0.2.1"
      }
    },
    "escape-string-regexp": {
      "version": "1.0.5",
      "resolved": "http://artifactory.intra.ke.com/artifactory/api/npm/npm-virtual/escape-string-regexp/download/escape-string-regexp-1.0.5.tgz",
      "integrity": "sha1-G2HAViGQqN/2rjuyzwIAyhMLhtQ="
    },
    "eslint": {
      "version": "6.8.0",
      "resolved": "http://artifactory.intra.ke.com/artifactory/api/npm/npm-virtual/eslint/download/eslint-6.8.0.tgz",
      "integrity": "sha1-YiYtZylzn5J1cjgkMC+yJ8jJP/s=",
      "requires": {
        "@babel/code-frame": "^7.0.0",
        "ajv": "^6.10.0",
        "chalk": "^2.1.0",
        "cross-spawn": "^6.0.5",
        "debug": "^4.0.1",
        "doctrine": "^3.0.0",
        "eslint-scope": "^5.0.0",
        "eslint-utils": "^1.4.3",
        "eslint-visitor-keys": "^1.1.0",
        "espree": "^6.1.2",
        "esquery": "^1.0.1",
        "esutils": "^2.0.2",
        "file-entry-cache": "^5.0.1",
        "functional-red-black-tree": "^1.0.1",
        "glob-parent": "^5.0.0",
        "globals": "^12.1.0",
        "ignore": "^4.0.6",
        "import-fresh": "^3.0.0",
        "imurmurhash": "^0.1.4",
        "inquirer": "^7.0.0",
        "is-glob": "^4.0.0",
        "js-yaml": "^3.13.1",
        "json-stable-stringify-without-jsonify": "^1.0.1",
        "levn": "^0.3.0",
        "lodash": "^4.17.14",
        "minimatch": "^3.0.4",
        "mkdirp": "^0.5.1",
        "natural-compare": "^1.4.0",
        "optionator": "^0.8.3",
        "progress": "^2.0.0",
        "regexpp": "^2.0.1",
        "semver": "^6.1.2",
        "strip-ansi": "^5.2.0",
        "strip-json-comments": "^3.0.1",
        "table": "^5.2.3",
        "text-table": "^0.2.0",
        "v8-compile-cache": "^2.0.3"
      },
      "dependencies": {
        "ansi-styles": {
          "version": "3.2.1",
          "resolved": "http://artifactory.intra.ke.com/artifactory/api/npm/npm-virtual/ansi-styles/download/ansi-styles-3.2.1.tgz",
          "integrity": "sha1-QfuyAkPlCxK+DwS43tvwdSDOhB0=",
          "requires": {
            "color-convert": "^1.9.0"
          }
        },
        "chalk": {
          "version": "2.4.2",
          "resolved": "http://artifactory.intra.ke.com/artifactory/api/npm/npm-virtual/chalk/download/chalk-2.4.2.tgz",
          "integrity": "sha1-zUJUFnelQzPPVBpJEIwUMrRMlCQ=",
          "requires": {
            "ansi-styles": "^3.2.1",
            "escape-string-regexp": "^1.0.5",
            "supports-color": "^5.3.0"
          }
        },
        "color-convert": {
          "version": "1.9.3",
          "resolved": "http://artifactory.intra.ke.com/artifactory/api/npm/npm-virtual/color-convert/download/color-convert-1.9.3.tgz",
          "integrity": "sha1-u3GFBpDh8TZWfeYp0tVHHe2kweg=",
          "requires": {
            "color-name": "1.1.3"
          }
        },
        "color-name": {
          "version": "1.1.3",
          "resolved": "http://artifactory.intra.ke.com/artifactory/api/npm/npm-virtual/color-name/download/color-name-1.1.3.tgz",
          "integrity": "sha1-p9BVi9icQveV3UIyj3QIMcpTvCU="
        },
        "has-flag": {
          "version": "3.0.0",
          "resolved": "http://artifactory.intra.ke.com/artifactory/api/npm/npm-virtual/has-flag/download/has-flag-3.0.0.tgz",
          "integrity": "sha1-tdRU3CGZriJWmfNGfloH87lVuv0="
        },
        "supports-color": {
          "version": "5.5.0",
          "resolved": "http://artifactory.intra.ke.com/artifactory/api/npm/npm-virtual/supports-color/download/supports-color-5.5.0.tgz",
          "integrity": "sha1-4uaaRKyHcveKHsCzW2id9lMO/I8=",
          "requires": {
            "has-flag": "^3.0.0"
          }
        }
      }
    },
    "eslint-scope": {
      "version": "5.1.1",
      "resolved": "http://artifactory.intra.ke.com/artifactory/api/npm/npm-virtual/eslint-scope/download/eslint-scope-5.1.1.tgz",
      "integrity": "sha1-54blmmbLkrP2wfsNUIqrF0hI9Iw=",
      "requires": {
        "esrecurse": "^4.3.0",
        "estraverse": "^4.1.1"
      }
    },
    "eslint-utils": {
      "version": "1.4.3",
      "resolved": "http://artifactory.intra.ke.com/artifactory/api/npm/npm-virtual/eslint-utils/download/eslint-utils-1.4.3.tgz",
      "integrity": "sha1-dP7HxU0Hdrb2fgJRBAtYBlZOmB8=",
      "requires": {
        "eslint-visitor-keys": "^1.1.0"
      }
    },
    "eslint-visitor-keys": {
      "version": "1.3.0",
      "resolved": "http://artifactory.intra.ke.com/artifactory/api/npm/npm-virtual/eslint-visitor-keys/download/eslint-visitor-keys-1.3.0.tgz",
      "integrity": "sha1-MOvR73wv3/AcOk8VEESvJfqwUj4="
    },
    "espree": {
      "version": "6.2.1",
      "resolved": "http://artifactory.intra.ke.com/artifactory/api/npm/npm-virtual/espree/download/espree-6.2.1.tgz",
      "integrity": "sha1-d/xy4f10SiBSwg84pbV1gy6Cc0o=",
      "requires": {
        "acorn": "^7.1.1",
        "acorn-jsx": "^5.2.0",
        "eslint-visitor-keys": "^1.1.0"
      }
    },
    "esprima": {
      "version": "4.0.1",
      "resolved": "http://artifactory.intra.ke.com/artifactory/api/npm/npm-virtual/esprima/download/esprima-4.0.1.tgz",
      "integrity": "sha1-E7BM2z5sXRnfkatph6hpVhmwqnE="
    },
    "esquery": {
      "version": "1.3.1",
      "resolved": "http://artifactory.intra.ke.com/artifactory/api/npm/npm-virtual/esquery/download/esquery-1.3.1.tgz",
      "integrity": "sha1-t4tYKKqOIU4p+3TE1bdS4cAz2lc=",
      "requires": {
        "estraverse": "^5.1.0"
      },
      "dependencies": {
        "estraverse": {
          "version": "5.2.0",
          "resolved": "http://artifactory.intra.ke.com/artifactory/api/npm/npm-virtual/estraverse/download/estraverse-5.2.0.tgz",
          "integrity": "sha1-MH30JUfmzHMk088DwVXVzbjFOIA="
        }
      }
    },
    "esrecurse": {
      "version": "4.3.0",
      "resolved": "http://artifactory.intra.ke.com/artifactory/api/npm/npm-virtual/esrecurse/download/esrecurse-4.3.0.tgz",
      "integrity": "sha1-eteWTWeauyi+5yzsY3WLHF0smSE=",
      "requires": {
        "estraverse": "^5.2.0"
      },
      "dependencies": {
        "estraverse": {
          "version": "5.2.0",
          "resolved": "http://artifactory.intra.ke.com/artifactory/api/npm/npm-virtual/estraverse/download/estraverse-5.2.0.tgz",
          "integrity": "sha1-MH30JUfmzHMk088DwVXVzbjFOIA="
        }
      }
    },
    "estraverse": {
      "version": "4.3.0",
      "resolved": "http://artifactory.intra.ke.com/artifactory/api/npm/npm-virtual/estraverse/download/estraverse-4.3.0.tgz",
      "integrity": "sha1-OYrT88WiSUi+dyXoPRGn3ijNvR0="
    },
    "esutils": {
      "version": "2.0.3",
      "resolved": "http://artifactory.intra.ke.com/artifactory/api/npm/npm-virtual/esutils/download/esutils-2.0.3.tgz",
      "integrity": "sha1-dNLrTeC42hKTcRkQ1Qd1ubcQ72Q="
    },
    "external-editor": {
      "version": "3.1.0",
      "resolved": "http://artifactory.intra.ke.com/artifactory/api/npm/npm-virtual/external-editor/download/external-editor-3.1.0.tgz",
      "integrity": "sha1-ywP3QL764D6k0oPK7SdBqD8zVJU=",
      "requires": {
        "chardet": "^0.7.0",
        "iconv-lite": "^0.4.24",
        "tmp": "^0.0.33"
      }
    },
    "fast-deep-equal": {
      "version": "3.1.3",
      "resolved": "http://artifactory.intra.ke.com/artifactory/api/npm/npm-virtual/fast-deep-equal/download/fast-deep-equal-3.1.3.tgz",
      "integrity": "sha1-On1WtVnWy8PrUSMlJE5hmmXGxSU="
    },
    "fast-json-stable-stringify": {
      "version": "2.1.0",
      "resolved": "http://artifactory.intra.ke.com/artifactory/api/npm/npm-virtual/fast-json-stable-stringify/download/fast-json-stable-stringify-2.1.0.tgz",
      "integrity": "sha1-h0v2nG9ATCtdmcSBNBOZ/VWJJjM="
    },
    "fast-levenshtein": {
      "version": "2.0.6",
      "resolved": "http://artifactory.intra.ke.com/artifactory/api/npm/npm-virtual/fast-levenshtein/download/fast-levenshtein-2.0.6.tgz",
      "integrity": "sha1-PYpcZog6FqMMqGQ+hR8Zuqd5eRc="
    },
    "figures": {
      "version": "3.2.0",
      "resolved": "http://artifactory.intra.ke.com/artifactory/api/npm/npm-virtual/figures/download/figures-3.2.0.tgz",
      "integrity": "sha1-YlwYvSk8YE3EqN2y/r8MiDQXRq8=",
      "requires": {
        "escape-string-regexp": "^1.0.5"
      }
    },
    "file-entry-cache": {
      "version": "5.0.1",
      "resolved": "http://artifactory.intra.ke.com/artifactory/api/npm/npm-virtual/file-entry-cache/download/file-entry-cache-5.0.1.tgz",
      "integrity": "sha1-yg9u+m3T1WEzP7FFFQZcL6/fQ5w=",
      "requires": {
        "flat-cache": "^2.0.1"
      }
    },
    "find-up": {
      "version": "4.1.0",
      "resolved": "http://artifactory.intra.ke.com/artifactory/api/npm/npm-virtual/find-up/download/find-up-4.1.0.tgz",
      "integrity": "sha1-l6/n1s3AvFkoWEt8jXsW6KmqXRk=",
      "requires": {
        "locate-path": "^5.0.0",
        "path-exists": "^4.0.0"
      }
    },
    "find-versions": {
      "version": "3.2.0",
      "resolved": "http://artifactory.intra.ke.com/artifactory/api/npm/npm-virtual/find-versions/download/find-versions-3.2.0.tgz",
      "integrity": "sha1-ECl/mAMKeGgpaBaQVF72We0dJU4=",
      "requires": {
        "semver-regex": "^2.0.0"
      }
    },
    "flat-cache": {
      "version": "2.0.1",
      "resolved": "http://artifactory.intra.ke.com/artifactory/api/npm/npm-virtual/flat-cache/download/flat-cache-2.0.1.tgz",
      "integrity": "sha1-XSltbwS9pEpGMKMBQTvbwuwIXsA=",
      "requires": {
        "flatted": "^2.0.0",
        "rimraf": "2.6.3",
        "write": "1.0.3"
      }
    },
    "flatted": {
      "version": "2.0.2",
      "resolved": "http://artifactory.intra.ke.com/artifactory/api/npm/npm-virtual/flatted/download/flatted-2.0.2.tgz",
      "integrity": "sha1-RXWyHivO50NKqb5mL0t7X5wrUTg="
    },
    "fs.realpath": {
      "version": "1.0.0",
      "resolved": "http://artifactory.intra.ke.com/artifactory/api/npm/npm-virtual/fs.realpath/download/fs.realpath-1.0.0.tgz",
      "integrity": "sha1-FQStJSMVjKpA20onh8sBQRmU6k8="
    },
    "functional-red-black-tree": {
      "version": "1.0.1",
      "resolved": "http://artifactory.intra.ke.com/artifactory/api/npm/npm-virtual/functional-red-black-tree/download/functional-red-black-tree-1.0.1.tgz",
      "integrity": "sha1-GwqzvVU7Kg1jmdKcDj6gslIHgyc="
    },
    "glob": {
      "version": "7.1.6",
      "resolved": "http://artifactory.intra.ke.com/artifactory/api/npm/npm-virtual/glob/download/glob-7.1.6.tgz",
      "integrity": "sha1-FB8zuBp8JJLhJVlDB0gMRmeSeKY=",
      "requires": {
        "fs.realpath": "^1.0.0",
        "inflight": "^1.0.4",
        "inherits": "2",
        "minimatch": "^3.0.4",
        "once": "^1.3.0",
        "path-is-absolute": "^1.0.0"
      }
    },
    "glob-parent": {
      "version": "5.1.1",
      "resolved": "http://artifactory.intra.ke.com/artifactory/api/npm/npm-virtual/glob-parent/download/glob-parent-5.1.1.tgz",
      "integrity": "sha1-tsHvQXxOVmPqSY8cRa+saRa7wik=",
      "requires": {
        "is-glob": "^4.0.1"
      }
    },
    "globals": {
      "version": "12.4.0",
      "resolved": "http://artifactory.intra.ke.com/artifactory/api/npm/npm-virtual/globals/download/globals-12.4.0.tgz",
      "integrity": "sha1-oYgTV2pBsAokqX5/gVkYwuGZJfg=",
      "requires": {
        "type-fest": "^0.8.1"
      }
    },
    "has-flag": {
      "version": "4.0.0",
      "resolved": "http://artifactory.intra.ke.com/artifactory/api/npm/npm-virtual/has-flag/download/has-flag-4.0.0.tgz",
      "integrity": "sha1-lEdx/ZyByBJlxNaUGGDaBrtZR5s="
    },
    "husky": {
      "version": "4.3.0",
      "resolved": "http://artifactory.intra.ke.com/artifactory/api/npm/npm-virtual/husky/download/husky-4.3.0.tgz",
      "integrity": "sha1-Cy7B1mQk6SGdNZ4mpRxY7FJ48N4=",
      "requires": {
        "chalk": "^4.0.0",
        "ci-info": "^2.0.0",
        "compare-versions": "^3.6.0",
        "cosmiconfig": "^7.0.0",
        "find-versions": "^3.2.0",
        "opencollective-postinstall": "^2.0.2",
        "pkg-dir": "^4.2.0",
        "please-upgrade-node": "^3.2.0",
        "slash": "^3.0.0",
        "which-pm-runs": "^1.0.0"
      }
    },
    "iconv-lite": {
      "version": "0.4.24",
      "resolved": "http://artifactory.intra.ke.com/artifactory/api/npm/npm-virtual/iconv-lite/download/iconv-lite-0.4.24.tgz",
      "integrity": "sha1-ICK0sl+93CHS9SSXSkdKr+czkIs=",
      "requires": {
        "safer-buffer": ">= 2.1.2 < 3"
      }
    },
    "ignore": {
      "version": "4.0.6",
      "resolved": "http://artifactory.intra.ke.com/artifactory/api/npm/npm-virtual/ignore/download/ignore-4.0.6.tgz",
      "integrity": "sha1-dQ49tYYgh7RzfrrIIH/9HvJ7Jfw="
    },
    "import-fresh": {
      "version": "3.2.1",
      "resolved": "http://artifactory.intra.ke.com/artifactory/api/npm/npm-virtual/import-fresh/download/import-fresh-3.2.1.tgz",
      "integrity": "sha1-Yz/2GFBueTr1rJG/SLcmd+FcvmY=",
      "requires": {
        "parent-module": "^1.0.0",
        "resolve-from": "^4.0.0"
      }
    },
    "imurmurhash": {
      "version": "0.1.4",
      "resolved": "http://artifactory.intra.ke.com/artifactory/api/npm/npm-virtual/imurmurhash/download/imurmurhash-0.1.4.tgz",
      "integrity": "sha1-khi5srkoojixPcT7a21XbyMUU+o="
    },
    "inflight": {
      "version": "1.0.6",
      "resolved": "http://artifactory.intra.ke.com/artifactory/api/npm/npm-virtual/inflight/download/inflight-1.0.6.tgz",
      "integrity": "sha1-Sb1jMdfQLQwJvJEKEHW6gWW1bfk=",
      "requires": {
        "once": "^1.3.0",
        "wrappy": "1"
      }
    },
    "inherits": {
      "version": "2.0.4",
      "resolved": "http://artifactory.intra.ke.com/artifactory/api/npm/npm-virtual/inherits/download/inherits-2.0.4.tgz",
      "integrity": "sha1-D6LGT5MpF8NDOg3tVTY6rjdBa3w="
    },
    "inquirer": {
      "version": "7.3.3",
      "resolved": "http://artifactory.intra.ke.com/artifactory/api/npm/npm-virtual/inquirer/download/inquirer-7.3.3.tgz",
      "integrity": "sha1-BNF2sq8Er8FXqD/XwQDpjuCq0AM=",
      "requires": {
        "ansi-escapes": "^4.2.1",
        "chalk": "^4.1.0",
        "cli-cursor": "^3.1.0",
        "cli-width": "^3.0.0",
        "external-editor": "^3.0.3",
        "figures": "^3.0.0",
        "lodash": "^4.17.19",
        "mute-stream": "0.0.8",
        "run-async": "^2.4.0",
        "rxjs": "^6.6.0",
        "string-width": "^4.1.0",
        "strip-ansi": "^6.0.0",
        "through": "^2.3.6"
      },
      "dependencies": {
        "strip-ansi": {
          "version": "6.0.0",
          "resolved": "http://artifactory.intra.ke.com/artifactory/api/npm/npm-virtual/strip-ansi/download/strip-ansi-6.0.0.tgz",
          "integrity": "sha1-CxVx3XZpzNTz4G4U7x7tJiJa5TI=",
          "requires": {
            "ansi-regex": "^5.0.0"
          }
        }
      }
    },
    "is-arrayish": {
      "version": "0.2.1",
      "resolved": "http://artifactory.intra.ke.com/artifactory/api/npm/npm-virtual/is-arrayish/download/is-arrayish-0.2.1.tgz",
      "integrity": "sha1-d8mYQFJ6qOyxqLppe4BkWnqSap0="
    },
    "is-extglob": {
      "version": "2.1.1",
      "resolved": "http://artifactory.intra.ke.com/artifactory/api/npm/npm-virtual/is-extglob/download/is-extglob-2.1.1.tgz",
      "integrity": "sha1-qIwCU1eR8C7TfHahueqXc8gz+MI="
    },
    "is-fullwidth-code-point": {
      "version": "3.0.0",
      "resolved": "http://artifactory.intra.ke.com/artifactory/api/npm/npm-virtual/is-fullwidth-code-point/download/is-fullwidth-code-point-3.0.0.tgz",
      "integrity": "sha1-8Rb4Bk/pCz94RKOJl8C3UFEmnx0="
    },
    "is-glob": {
      "version": "4.0.1",
      "resolved": "http://artifactory.intra.ke.com/artifactory/api/npm/npm-virtual/is-glob/download/is-glob-4.0.1.tgz",
      "integrity": "sha1-dWfb6fL14kZ7x3q4PEopSCQHpdw=",
      "requires": {
        "is-extglob": "^2.1.1"
      }
    },
    "isexe": {
      "version": "2.0.0",
      "resolved": "http://artifactory.intra.ke.com/artifactory/api/npm/npm-virtual/isexe/download/isexe-2.0.0.tgz",
      "integrity": "sha1-6PvzdNxVb/iUehDcsFctYz8s+hA="
    },
    "js-tokens": {
      "version": "4.0.0",
      "resolved": "http://artifactory.intra.ke.com/artifactory/api/npm/npm-virtual/js-tokens/download/js-tokens-4.0.0.tgz",
      "integrity": "sha1-GSA/tZmR35jjoocFDUZHzerzJJk="
    },
    "js-yaml": {
      "version": "3.14.0",
      "resolved": "http://artifactory.intra.ke.com/artifactory/api/npm/npm-virtual/js-yaml/download/js-yaml-3.14.0.tgz",
      "integrity": "sha1-p6NBcPJqIbsWJCTYray0ETpp5II=",
      "requires": {
        "argparse": "^1.0.7",
        "esprima": "^4.0.0"
      }
    },
    "json-parse-even-better-errors": {
      "version": "2.3.1",
      "resolved": "http://artifactory.intra.ke.com/artifactory/api/npm/npm-virtual/json-parse-even-better-errors/download/json-parse-even-better-errors-2.3.1.tgz",
      "integrity": "sha1-fEeAWpQxmSjgV3dAXcEuH3pO4C0="
    },
    "json-schema-traverse": {
      "version": "0.4.1",
      "resolved": "http://artifactory.intra.ke.com/artifactory/api/npm/npm-virtual/json-schema-traverse/download/json-schema-traverse-0.4.1.tgz",
      "integrity": "sha1-afaofZUTq4u4/mO9sJecRI5oRmA="
    },
    "json-stable-stringify-without-jsonify": {
      "version": "1.0.1",
      "resolved": "http://artifactory.intra.ke.com/artifactory/api/npm/npm-virtual/json-stable-stringify-without-jsonify/download/json-stable-stringify-without-jsonify-1.0.1.tgz",
      "integrity": "sha1-nbe1lJatPzz+8wp1FC0tkwrXJlE="
    },
    "levn": {
      "version": "0.3.0",
      "resolved": "http://artifactory.intra.ke.com/artifactory/api/npm/npm-virtual/levn/download/levn-0.3.0.tgz",
      "integrity": "sha1-OwmSTt+fCDwEkP3UwLxEIeBHZO4=",
      "requires": {
        "prelude-ls": "~1.1.2",
        "type-check": "~0.3.2"
      }
    },
    "lines-and-columns": {
      "version": "1.1.6",
      "resolved": "http://artifactory.intra.ke.com/artifactory/api/npm/npm-virtual/lines-and-columns/download/lines-and-columns-1.1.6.tgz",
      "integrity": "sha1-HADHQ7QzzQpOgHWPe2SldEDZ/wA="
    },
    "locate-path": {
      "version": "5.0.0",
      "resolved": "http://artifactory.intra.ke.com/artifactory/api/npm/npm-virtual/locate-path/download/locate-path-5.0.0.tgz",
      "integrity": "sha1-Gvujlq/WdqbUJQTQpno6frn2KqA=",
      "requires": {
        "p-locate": "^4.1.0"
      }
    },
    "lodash": {
      "version": "4.17.20",
      "resolved": "http://artifactory.intra.ke.com/artifactory/api/npm/npm-virtual/lodash/download/lodash-4.17.20.tgz",
      "integrity": "sha1-tEqbYpe8tpjxxRo1RaKzs2jVnFI="
    },
    "mimic-fn": {
      "version": "2.1.0",
      "resolved": "http://artifactory.intra.ke.com/artifactory/api/npm/npm-virtual/mimic-fn/download/mimic-fn-2.1.0.tgz",
      "integrity": "sha1-ftLCzMyvhNP/y3pptXcR/CCDQBs="
    },
    "minimatch": {
      "version": "3.0.4",
      "resolved": "http://artifactory.intra.ke.com/artifactory/api/npm/npm-virtual/minimatch/download/minimatch-3.0.4.tgz",
      "integrity": "sha1-UWbihkV/AzBgZL5Ul+jbsMPTIIM=",
      "requires": {
        "brace-expansion": "^1.1.7"
      }
    },
    "minimist": {
      "version": "1.2.5",
      "resolved": "http://artifactory.intra.ke.com/artifactory/api/npm/npm-virtual/minimist/download/minimist-1.2.5.tgz",
      "integrity": "sha1-Z9ZgFLZqaoqqDAg8X9WN9OTpdgI="
    },
    "mkdirp": {
      "version": "0.5.5",
      "resolved": "http://artifactory.intra.ke.com/artifactory/api/npm/npm-virtual/mkdirp/download/mkdirp-0.5.5.tgz",
      "integrity": "sha1-2Rzv1i0UNsoPQWIOJRKI1CAJne8=",
      "requires": {
        "minimist": "^1.2.5"
      }
    },
    "ms": {
      "version": "2.1.2",
      "resolved": "http://artifactory.intra.ke.com/artifactory/api/npm/npm-virtual/ms/download/ms-2.1.2.tgz",
      "integrity": "sha1-0J0fNXtEP0kzgqjrPM0YOHKuYAk="
    },
    "mute-stream": {
      "version": "0.0.8",
      "resolved": "http://artifactory.intra.ke.com/artifactory/api/npm/npm-virtual/mute-stream/download/mute-stream-0.0.8.tgz",
      "integrity": "sha1-FjDEKyJR/4HiooPelqVJfqkuXg0="
    },
    "natural-compare": {
      "version": "1.4.0",
      "resolved": "http://artifactory.intra.ke.com/artifactory/api/npm/npm-virtual/natural-compare/download/natural-compare-1.4.0.tgz",
      "integrity": "sha1-Sr6/7tdUHywnrPspvbvRXI1bpPc="
    },
    "nice-try": {
      "version": "1.0.5",
      "resolved": "http://artifactory.intra.ke.com/artifactory/api/npm/npm-virtual/nice-try/download/nice-try-1.0.5.tgz",
      "integrity": "sha1-ozeKdpbOfSI+iPybdkvX7xCJ42Y="
    },
    "once": {
      "version": "1.4.0",
      "resolved": "http://artifactory.intra.ke.com/artifactory/api/npm/npm-virtual/once/download/once-1.4.0.tgz",
      "integrity": "sha1-WDsap3WWHUsROsF9nFC6753Xa9E=",
      "requires": {
        "wrappy": "1"
      }
    },
    "onetime": {
      "version": "5.1.2",
      "resolved": "http://artifactory.intra.ke.com/artifactory/api/npm/npm-virtual/onetime/download/onetime-5.1.2.tgz",
      "integrity": "sha1-0Oluu1awdHbfHdnEgG5SN5hcpF4=",
      "requires": {
        "mimic-fn": "^2.1.0"
      }
    },
    "opencollective-postinstall": {
      "version": "2.0.3",
      "resolved": "http://artifactory.intra.ke.com/artifactory/api/npm/npm-virtual/opencollective-postinstall/download/opencollective-postinstall-2.0.3.tgz",
      "integrity": "sha1-eg//l49tv6TQBiOPusmO1BmMMlk="
    },
    "optionator": {
      "version": "0.8.3",
      "resolved": "http://artifactory.intra.ke.com/artifactory/api/npm/npm-virtual/optionator/download/optionator-0.8.3.tgz",
      "integrity": "sha1-hPodA2/p08fiHZmIS2ARZ+yPtJU=",
      "requires": {
        "deep-is": "~0.1.3",
        "fast-levenshtein": "~2.0.6",
        "levn": "~0.3.0",
        "prelude-ls": "~1.1.2",
        "type-check": "~0.3.2",
        "word-wrap": "~1.2.3"
      }
    },
    "os-tmpdir": {
      "version": "1.0.2",
      "resolved": "http://artifactory.intra.ke.com/artifactory/api/npm/npm-virtual/os-tmpdir/download/os-tmpdir-1.0.2.tgz",
      "integrity": "sha1-u+Z0BseaqFxc/sdm/lc0VV36EnQ="
    },
    "p-limit": {
      "version": "2.3.0",
      "resolved": "http://artifactory.intra.ke.com/artifactory/api/npm/npm-virtual/p-limit/download/p-limit-2.3.0.tgz",
      "integrity": "sha1-PdM8ZHohT9//2DWTPrCG2g3CHbE=",
      "requires": {
        "p-try": "^2.0.0"
      }
    },
    "p-locate": {
      "version": "4.1.0",
      "resolved": "http://artifactory.intra.ke.com/artifactory/api/npm/npm-virtual/p-locate/download/p-locate-4.1.0.tgz",
      "integrity": "sha1-o0KLtwiLOmApL2aRkni3wpetTwc=",
      "requires": {
        "p-limit": "^2.2.0"
      }
    },
    "p-try": {
      "version": "2.2.0",
      "resolved": "http://artifactory.intra.ke.com/artifactory/api/npm/npm-virtual/p-try/download/p-try-2.2.0.tgz",
      "integrity": "sha1-yyhoVA4xPWHeWPr741zpAE1VQOY="
    },
    "parent-module": {
      "version": "1.0.1",
      "resolved": "http://artifactory.intra.ke.com/artifactory/api/npm/npm-virtual/parent-module/download/parent-module-1.0.1.tgz",
      "integrity": "sha1-aR0nCeeMefrjoVZiJFLQB2LKqqI=",
      "requires": {
        "callsites": "^3.0.0"
      }
    },
    "parse-json": {
      "version": "5.1.0",
      "resolved": "http://artifactory.intra.ke.com/artifactory/api/npm/npm-virtual/parse-json/download/parse-json-5.1.0.tgz",
      "integrity": "sha1-+WCIzfJKj6qa6poAny2dlCyZlkY=",
      "requires": {
        "@babel/code-frame": "^7.0.0",
        "error-ex": "^1.3.1",
        "json-parse-even-better-errors": "^2.3.0",
        "lines-and-columns": "^1.1.6"
      }
    },
    "path-exists": {
      "version": "4.0.0",
      "resolved": "http://artifactory.intra.ke.com/artifactory/api/npm/npm-virtual/path-exists/download/path-exists-4.0.0.tgz",
      "integrity": "sha1-UTvb4tO5XXdi6METfvoZXGxhtbM="
    },
    "path-is-absolute": {
      "version": "1.0.1",
      "resolved": "http://artifactory.intra.ke.com/artifactory/api/npm/npm-virtual/path-is-absolute/download/path-is-absolute-1.0.1.tgz",
      "integrity": "sha1-F0uSaHNVNP+8es5r9TpanhtcX18="
    },
    "path-key": {
      "version": "2.0.1",
      "resolved": "http://artifactory.intra.ke.com/artifactory/api/npm/npm-virtual/path-key/download/path-key-2.0.1.tgz",
      "integrity": "sha1-QRyttXTFoUDTpLGRDUDYDMn0C0A="
    },
    "path-type": {
      "version": "4.0.0",
      "resolved": "http://artifactory.intra.ke.com/artifactory/api/npm/npm-virtual/path-type/download/path-type-4.0.0.tgz",
      "integrity": "sha1-hO0BwKe6OAr+CdkKjBgNzZ0DBDs="
    },
    "pkg-dir": {
      "version": "4.2.0",
      "resolved": "http://artifactory.intra.ke.com/artifactory/api/npm/npm-virtual/pkg-dir/download/pkg-dir-4.2.0.tgz",
      "integrity": "sha1-8JkTPfft5CLoHR2ESCcO6z5CYfM=",
      "requires": {
        "find-up": "^4.0.0"
      }
    },
    "please-upgrade-node": {
      "version": "3.2.0",
      "resolved": "http://artifactory.intra.ke.com/artifactory/api/npm/npm-virtual/please-upgrade-node/download/please-upgrade-node-3.2.0.tgz",
      "integrity": "sha1-rt3T+ZTJM+StmLmdmlVu+g4v6UI=",
      "requires": {
        "semver-compare": "^1.0.0"
      }
    },
    "prelude-ls": {
      "version": "1.1.2",
      "resolved": "http://artifactory.intra.ke.com/artifactory/api/npm/npm-virtual/prelude-ls/download/prelude-ls-1.1.2.tgz",
      "integrity": "sha1-IZMqVJ9eUv/ZqCf1cOBL5iqX2lQ="
    },
    "progress": {
      "version": "2.0.3",
      "resolved": "http://artifactory.intra.ke.com/artifactory/api/npm/npm-virtual/progress/download/progress-2.0.3.tgz",
      "integrity": "sha1-foz42PW48jnBvGi+tOt4Vn1XLvg="
    },
    "punycode": {
      "version": "2.1.1",
      "resolved": "http://artifactory.intra.ke.com/artifactory/api/npm/npm-virtual/punycode/download/punycode-2.1.1.tgz",
      "integrity": "sha1-tYsBCsQMIsVldhbI0sLALHv0eew="
    },
    "regexpp": {
      "version": "2.0.1",
      "resolved": "http://artifactory.intra.ke.com/artifactory/api/npm/npm-virtual/regexpp/download/regexpp-2.0.1.tgz",
      "integrity": "sha1-jRnTHPYySCtYkEn4KB+T28uk0H8="
    },
    "resolve-from": {
      "version": "4.0.0",
      "resolved": "http://artifactory.intra.ke.com/artifactory/api/npm/npm-virtual/resolve-from/download/resolve-from-4.0.0.tgz",
      "integrity": "sha1-SrzYUq0y3Xuqv+m0DgCjbbXzkuY="
    },
    "restore-cursor": {
      "version": "3.1.0",
      "resolved": "http://artifactory.intra.ke.com/artifactory/api/npm/npm-virtual/restore-cursor/download/restore-cursor-3.1.0.tgz",
      "integrity": "sha1-OfZ8VLOnpYzqUjbZXPADQjljH34=",
      "requires": {
        "onetime": "^5.1.0",
        "signal-exit": "^3.0.2"
      }
    },
    "rimraf": {
      "version": "2.6.3",
      "resolved": "http://artifactory.intra.ke.com/artifactory/api/npm/npm-virtual/rimraf/download/rimraf-2.6.3.tgz",
      "integrity": "sha1-stEE/g2Psnz54KHNqCYt04M8bKs=",
      "requires": {
        "glob": "^7.1.3"
      }
    },
    "run-async": {
      "version": "2.4.1",
      "resolved": "http://artifactory.intra.ke.com/artifactory/api/npm/npm-virtual/run-async/download/run-async-2.4.1.tgz",
      "integrity": "sha1-hEDsz5nqPnC9QJ1JqriOEMGJpFU="
    },
    "rxjs": {
      "version": "6.6.3",
      "resolved": "http://artifactory.intra.ke.com/artifactory/api/npm/npm-virtual/rxjs/download/rxjs-6.6.3.tgz",
      "integrity": "sha1-jKhGNcTaqQDA05Z6buesYCce5VI=",
      "requires": {
        "tslib": "^1.9.0"
      }
    },
    "safer-buffer": {
      "version": "2.1.2",
      "resolved": "http://artifactory.intra.ke.com/artifactory/api/npm/npm-virtual/safer-buffer/download/safer-buffer-2.1.2.tgz",
      "integrity": "sha1-RPoWGwGHuVSd2Eu5GAL5vYOFzWo="
    },
    "semver": {
      "version": "6.3.0",
      "resolved": "http://artifactory.intra.ke.com/artifactory/api/npm/npm-virtual/semver/download/semver-6.3.0.tgz",
      "integrity": "sha1-7gpkyK9ejO6mdoexM3YeG+y9HT0="
    },
    "semver-compare": {
      "version": "1.0.0",
      "resolved": "http://artifactory.intra.ke.com/artifactory/api/npm/npm-virtual/semver-compare/download/semver-compare-1.0.0.tgz",
      "integrity": "sha1-De4hahyUGrN+nvsXiPavxf9VN/w="
    },
    "semver-regex": {
      "version": "2.0.0",
      "resolved": "http://artifactory.intra.ke.com/artifactory/api/npm/npm-virtual/semver-regex/download/semver-regex-2.0.0.tgz",
      "integrity": "sha1-qTwsWERTmncCMzeRB7OMe0rJ0zg="
    },
    "shebang-command": {
      "version": "1.2.0",
      "resolved": "http://artifactory.intra.ke.com/artifactory/api/npm/npm-virtual/shebang-command/download/shebang-command-1.2.0.tgz",
      "integrity": "sha1-RKrGW2lbAzmJaMOfNj/uXer98eo=",
      "requires": {
        "shebang-regex": "^1.0.0"
      }
    },
    "shebang-regex": {
      "version": "1.0.0",
      "resolved": "http://artifactory.intra.ke.com/artifactory/api/npm/npm-virtual/shebang-regex/download/shebang-regex-1.0.0.tgz",
      "integrity": "sha1-2kL0l0DAtC2yypcoVxyxkMmO/qM="
    },
    "signal-exit": {
      "version": "3.0.3",
      "resolved": "http://artifactory.intra.ke.com/artifactory/api/npm/npm-virtual/signal-exit/download/signal-exit-3.0.3.tgz",
      "integrity": "sha1-oUEMLt2PB3sItOJTyOrPyvBXRhw="
    },
    "slash": {
      "version": "3.0.0",
      "resolved": "http://artifactory.intra.ke.com/artifactory/api/npm/npm-virtual/slash/download/slash-3.0.0.tgz",
      "integrity": "sha1-ZTm+hwwWWtvVJAIg2+Nh8bxNRjQ="
    },
    "slice-ansi": {
      "version": "2.1.0",
      "resolved": "http://artifactory.intra.ke.com/artifactory/api/npm/npm-virtual/slice-ansi/download/slice-ansi-2.1.0.tgz",
      "integrity": "sha1-ys12k0YaY3pXiNkqfdT7oGjoFjY=",
      "requires": {
        "ansi-styles": "^3.2.0",
        "astral-regex": "^1.0.0",
        "is-fullwidth-code-point": "^2.0.0"
      },
      "dependencies": {
        "ansi-styles": {
          "version": "3.2.1",
          "resolved": "http://artifactory.intra.ke.com/artifactory/api/npm/npm-virtual/ansi-styles/download/ansi-styles-3.2.1.tgz",
          "integrity": "sha1-QfuyAkPlCxK+DwS43tvwdSDOhB0=",
          "requires": {
            "color-convert": "^1.9.0"
          }
        },
        "color-convert": {
          "version": "1.9.3",
          "resolved": "http://artifactory.intra.ke.com/artifactory/api/npm/npm-virtual/color-convert/download/color-convert-1.9.3.tgz",
          "integrity": "sha1-u3GFBpDh8TZWfeYp0tVHHe2kweg=",
          "requires": {
            "color-name": "1.1.3"
          }
        },
        "color-name": {
          "version": "1.1.3",
          "resolved": "http://artifactory.intra.ke.com/artifactory/api/npm/npm-virtual/color-name/download/color-name-1.1.3.tgz",
          "integrity": "sha1-p9BVi9icQveV3UIyj3QIMcpTvCU="
        },
        "is-fullwidth-code-point": {
          "version": "2.0.0",
          "resolved": "http://artifactory.intra.ke.com/artifactory/api/npm/npm-virtual/is-fullwidth-code-point/download/is-fullwidth-code-point-2.0.0.tgz",
          "integrity": "sha1-o7MKXE8ZkYMWeqq5O+764937ZU8="
        }
      }
    },
    "sprintf-js": {
      "version": "1.0.3",
      "resolved": "http://artifactory.intra.ke.com/artifactory/api/npm/npm-virtual/sprintf-js/download/sprintf-js-1.0.3.tgz",
      "integrity": "sha1-BOaSb2YolTVPPdAVIDYzuFcpfiw="
    },
    "string-width": {
      "version": "4.2.0",
      "resolved": "http://artifactory.intra.ke.com/artifactory/api/npm/npm-virtual/string-width/download/string-width-4.2.0.tgz",
      "integrity": "sha1-lSGCxGzHssMT0VluYjmSvRY7crU=",
      "requires": {
        "emoji-regex": "^8.0.0",
        "is-fullwidth-code-point": "^3.0.0",
        "strip-ansi": "^6.0.0"
      },
      "dependencies": {
        "strip-ansi": {
          "version": "6.0.0",
          "resolved": "http://artifactory.intra.ke.com/artifactory/api/npm/npm-virtual/strip-ansi/download/strip-ansi-6.0.0.tgz",
          "integrity": "sha1-CxVx3XZpzNTz4G4U7x7tJiJa5TI=",
          "requires": {
            "ansi-regex": "^5.0.0"
          }
        }
      }
    },
    "strip-ansi": {
      "version": "5.2.0",
      "resolved": "http://artifactory.intra.ke.com/artifactory/api/npm/npm-virtual/strip-ansi/download/strip-ansi-5.2.0.tgz",
      "integrity": "sha1-jJpTb+tq/JYr36WxBKUJHBrZwK4=",
      "requires": {
        "ansi-regex": "^4.1.0"
      },
      "dependencies": {
        "ansi-regex": {
          "version": "4.1.0",
          "resolved": "http://artifactory.intra.ke.com/artifactory/api/npm/npm-virtual/ansi-regex/download/ansi-regex-4.1.0.tgz",
          "integrity": "sha1-i5+PCM8ay4Q3Vqg5yox+MWjFGZc="
        }
      }
    },
    "strip-json-comments": {
      "version": "3.1.1",
      "resolved": "http://artifactory.intra.ke.com/artifactory/api/npm/npm-virtual/strip-json-comments/download/strip-json-comments-3.1.1.tgz",
      "integrity": "sha1-MfEoGzgyYwQ0gxwxDAHMzajL4AY="
    },
    "supports-color": {
      "version": "7.2.0",
      "resolved": "http://artifactory.intra.ke.com/artifactory/api/npm/npm-virtual/supports-color/download/supports-color-7.2.0.tgz",
      "integrity": "sha1-G33NyzK4E4gBs+R4umpRyqiWSNo=",
      "requires": {
        "has-flag": "^4.0.0"
      }
    },
    "table": {
      "version": "5.4.6",
      "resolved": "http://artifactory.intra.ke.com/artifactory/api/npm/npm-virtual/table/download/table-5.4.6.tgz",
      "integrity": "sha1-EpLRlQDOP4YFOwXw6Ofko7shB54=",
      "requires": {
        "ajv": "^6.10.2",
        "lodash": "^4.17.14",
        "slice-ansi": "^2.1.0",
        "string-width": "^3.0.0"
      },
      "dependencies": {
        "emoji-regex": {
          "version": "7.0.3",
          "resolved": "http://artifactory.intra.ke.com/artifactory/api/npm/npm-virtual/emoji-regex/download/emoji-regex-7.0.3.tgz",
          "integrity": "sha1-kzoEBShgyF6DwSJHnEdIqOTHIVY="
        },
        "is-fullwidth-code-point": {
          "version": "2.0.0",
          "resolved": "http://artifactory.intra.ke.com/artifactory/api/npm/npm-virtual/is-fullwidth-code-point/download/is-fullwidth-code-point-2.0.0.tgz",
          "integrity": "sha1-o7MKXE8ZkYMWeqq5O+764937ZU8="
        },
        "string-width": {
          "version": "3.1.0",
          "resolved": "http://artifactory.intra.ke.com/artifactory/api/npm/npm-virtual/string-width/download/string-width-3.1.0.tgz",
          "integrity": "sha1-InZ74htirxCBV0MG9prFG2IgOWE=",
          "requires": {
            "emoji-regex": "^7.0.1",
            "is-fullwidth-code-point": "^2.0.0",
            "strip-ansi": "^5.1.0"
          }
        }
      }
    },
    "text-table": {
      "version": "0.2.0",
      "resolved": "http://artifactory.intra.ke.com/artifactory/api/npm/npm-virtual/text-table/download/text-table-0.2.0.tgz",
      "integrity": "sha1-f17oI66AUgfACvLfSoTsP8+lcLQ="
    },
    "through": {
      "version": "2.3.8",
      "resolved": "http://artifactory.intra.ke.com/artifactory/api/npm/npm-virtual/through/download/through-2.3.8.tgz",
      "integrity": "sha1-DdTJ/6q8NXlgsbckEV1+Doai4fU="
    },
    "tmp": {
      "version": "0.0.33",
      "resolved": "http://artifactory.intra.ke.com/artifactory/api/npm/npm-virtual/tmp/download/tmp-0.0.33.tgz",
      "integrity": "sha1-bTQzWIl2jSGyvNoKonfO07G/rfk=",
      "requires": {
        "os-tmpdir": "~1.0.2"
      }
    },
    "tslib": {
      "version": "1.14.1",
      "resolved": "http://artifactory.intra.ke.com/artifactory/api/npm/npm-virtual/tslib/download/tslib-1.14.1.tgz",
      "integrity": "sha1-zy04vcNKE0vK8QkcQfZhni9nLQA="
    },
    "type-check": {
      "version": "0.3.2",
      "resolved": "http://artifactory.intra.ke.com/artifactory/api/npm/npm-virtual/type-check/download/type-check-0.3.2.tgz",
      "integrity": "sha1-WITKtRLPHTVeP7eE8wgEsrUg23I=",
      "requires": {
        "prelude-ls": "~1.1.2"
      }
    },
    "type-fest": {
      "version": "0.8.1",
      "resolved": "http://artifactory.intra.ke.com/artifactory/api/npm/npm-virtual/type-fest/download/type-fest-0.8.1.tgz",
      "integrity": "sha1-CeJJ696FHTseSNJ8EFREZn8XuD0="
    },
    "uri-js": {
      "version": "4.4.0",
      "resolved": "http://artifactory.intra.ke.com/artifactory/api/npm/npm-virtual/uri-js/download/uri-js-4.4.0.tgz",
      "integrity": "sha1-qnFCYd55PoqCNHp7zJznTobyhgI=",
      "requires": {
        "punycode": "^2.1.0"
      }
    },
    "v8-compile-cache": {
      "version": "2.1.1",
      "resolved": "http://artifactory.intra.ke.com/artifactory/api/npm/npm-virtual/v8-compile-cache/download/v8-compile-cache-2.1.1.tgz",
      "integrity": "sha1-VLw83UMxe8qR413K8wWxpyN950U="
    },
    "which": {
      "version": "1.3.1",
      "resolved": "http://artifactory.intra.ke.com/artifactory/api/npm/npm-virtual/which/download/which-1.3.1.tgz",
      "integrity": "sha1-pFBD1U9YBTFtqNYvn1CRjT2nCwo=",
      "requires": {
        "isexe": "^2.0.0"
      }
    },
    "which-pm-runs": {
      "version": "1.0.0",
      "resolved": "http://artifactory.intra.ke.com/artifactory/api/npm/npm-virtual/which-pm-runs/download/which-pm-runs-1.0.0.tgz",
      "integrity": "sha1-Zws6+8VS4LVd9rd4DKdGFfI60cs="
    },
    "word-wrap": {
      "version": "1.2.3",
      "resolved": "http://artifactory.intra.ke.com/artifactory/api/npm/npm-virtual/word-wrap/download/word-wrap-1.2.3.tgz",
      "integrity": "sha1-YQY29rH3A4kb00dxzLF/uTtHB5w="
    },
    "wrappy": {
      "version": "1.0.2",
      "resolved": "http://artifactory.intra.ke.com/artifactory/api/npm/npm-virtual/wrappy/download/wrappy-1.0.2.tgz",
      "integrity": "sha1-tSQ9jz7BqjXxNkYFvA0QNuMKtp8="
    },
    "write": {
      "version": "1.0.3",
      "resolved": "http://artifactory.intra.ke.com/artifactory/api/npm/npm-virtual/write/download/write-1.0.3.tgz",
      "integrity": "sha1-CADhRSO5I6OH5BUSPIZWFqrg9cM=",
      "requires": {
        "mkdirp": "^0.5.1"
      }
    },
    "yaml": {
      "version": "1.10.0",
      "resolved": "http://artifactory.intra.ke.com/artifactory/api/npm/npm-virtual/yaml/download/yaml-1.10.0.tgz",
      "integrity": "sha1-O1k63ZRIdgd9TWg/7gEIG9n/8x4="
    }
  }
}
